
Microsoft Visual Studio Solution File, Format Version 12.00
# Visual Studio Version 17
VisualStudioVersion = 17.0.32126.317
MinimumVisualStudioVersion = 10.0.40219.1
Project("{FAE04EC0-301F-11D3-BF4B-00C04F79EFBC}") = "BookStore", "BookStore.csproj", "{C79F085A-25E4-46EB-876D-08DC58631CB8}"
EndProject
Project("{FAE04EC0-301F-11D3-BF4B-00C04F79EFBC}") = "BookStore.lib", "..\BookStore.lib\BookStore.lib.csproj", "{0BF7FE49-DD1F-4995-98EA-7E9F0A6513B0}"
EndProject
Global
	GlobalSection(SolutionConfigurationPlatforms) = preSolution
		Debug|Any CPU = Debug|Any CPU
		Release|Any CPU = Release|Any CPU
	EndGlobalSection
	GlobalSection(ProjectConfigurationPlatforms) = postSolution
		{C79F085A-25E4-46EB-876D-08DC58631CB8}.Debug|Any CPU.ActiveCfg = Debug|Any CPU
		{C79F085A-25E4-46EB-876D-08DC58631CB8}.Debug|Any CPU.Build.0 = Debug|Any CPU
		{C79F085A-25E4-46EB-876D-08DC58631CB8}.Release|Any CPU.ActiveCfg = Release|Any CPU
		{C79F085A-25E4-46EB-876D-08DC58631CB8}.Release|Any CPU.Build.0 = Release|Any CPU
		{0BF7FE49-DD1F-4995-98EA-7E9F0A6513B0}.Debug|Any CPU.ActiveCfg = Debug|Any CPU
		{0BF7FE49-DD1F-4995-98EA-7E9F0A6513B0}.Debug|Any CPU.Build.0 = Debug|Any CPU
		{0BF7FE49-DD1F-4995-98EA-7E9F0A6513B0}.Release|Any CPU.ActiveCfg = Release|Any CPU
		{0BF7FE49-DD1F-4995-98EA-7E9F0A6513B0}.Release|Any CPU.Build.0 = Release|Any CPU
	EndGlobalSection
	GlobalSection(SolutionProperties) = preSolution
		HideSolutionNode = FALSE
	EndGlobalSection
	GlobalSection(ExtensibilityGlobals) = postSolution
		SolutionGuid = {D5D43E64-78DE-4C86-A103-459E2E19932E}
	EndGlobalSection
EndGlobal
